Microsoft Visual Studio Solution File, Format Version 12.00
# Visual Studio 15
VisualStudioVersion = 15.0.26124.0
MinimumVisualStudioVersion = 15.0.26124.0
Project("{2150E333-8FDC-42A3-9474-1A3956D46DE8}") = "src", "src", "{627B9E42-72F7-4F86-9676-AE220306EDFA}"
EndProject
Project("{2150E333-8FDC-42A3-9474-1A3956D46DE8}") = "Apps", "Apps", "{6C66D4E1-4E10-450C-A244-C60F6DB57216}"
EndProject
Project("{FAE04EC0-301F-11D3-BF4B-00C04F79EFBC}") = "LncdApp.MainApp", "src\Apps\LncdApp.MainApp\LncdApp.MainApp.csproj", "{E7E47162-391F-46BC-A25F-6FF073A50574}"
EndProject
Project("{FAE04EC0-301F-11D3-BF4B-00C04F79EFBC}") = "LncdApp.Migrations", "src\Apps\LncdApp.Migrations\LncdApp.Migrations.csproj", "{8BF3562C-8B85-432E-912C-1D55C8A24BF3}"
EndProject
Project("{2150E333-8FDC-42A3-9474-1A3956D46DE8}") = "DomainName", "DomainName", "{74A9BDDC-ECE6-4489-954A-039AD69A1154}"
EndProject
Project("{FAE04EC0-301F-11D3-BF4B-00C04F79EFBC}") = "LncdApp.DomainName.Contracts", "src\DomainName\LncdApp.DomainName.Contracts\LncdApp.DomainName.Contracts.csproj", "{447FA5EA-894B-4639-B85A-22A97A3BC632}"
EndProject
Project("{FAE04EC0-301F-11D3-BF4B-00C04F79EFBC}") = "LncdApp.DomainName.Domain", "src\DomainName\LncdApp.DomainName.Domain\LncdApp.DomainName.Domain.csproj", "{8C6FD91A-DD0C-48C7-99C2-D8E2A18928CB}"
EndProject
Project("{FAE04EC0-301F-11D3-BF4B-00C04F79EFBC}") = "LncdApp.DomainName.Services", "src\DomainName\LncdApp.DomainName.Services\LncdApp.DomainName.Services.csproj", "{EB91A07D-B4B5-4EE9-86D2-EBDE80F6C367}"
EndProject
Project("{2150E333-8FDC-42A3-9474-1A3956D46DE8}") = "tests", "tests", "{39F9A57F-19D3-48C2-99FA-1F3FBBA1CD80}"
EndProject
Project("{2150E333-8FDC-42A3-9474-1A3956D46DE8}") = "DomainName", "DomainName", "{01E2F899-EA55-401A-867C-1EE10D42383A}"
EndProject
Project("{FAE04EC0-301F-11D3-BF4B-00C04F79EFBC}") = "LncdApp.DomainName.Domain.Tests", "tests\DomainName\LncdApp.DomainName.Domain.Tests\LncdApp.DomainName.Domain.Tests.csproj", "{933BFD14-E12A-4561-8938-0037CD34467E}"
EndProject
Project("{FAE04EC0-301F-11D3-BF4B-00C04F79EFBC}") = "LncdApp.DomainName.Services.Tests", "tests\DomainName\LncdApp.DomainName.Services.Tests\LncdApp.DomainName.Services.Tests.csproj", "{1EE0BC8E-9A1A-4AB8-8A86-C77A8D4A0218}"
EndProject
Project("{FAE04EC0-301F-11D3-BF4B-00C04F79EFBC}") = "LncdApp.IntegrationTests", "tests\LncdApp.IntegrationTests\LncdApp.IntegrationTests.csproj", "{FCF7AB45-7BB8-485E-A44B-F6E6EC23FFE4}"
EndProject
Project("{FAE04EC0-301F-11D3-BF4B-00C04F79EFBC}") = "LncdApp.Tests", "tests\LncdApp.Tests.csproj", "{C75CC050-C06B-4761-A445-E75226C31B7D}"
EndProject
Global
	GlobalSection(SolutionConfigurationPlatforms) = preSolution
		Debug|Any CPU = Debug|Any CPU
		Debug|x64 = Debug|x64
		Debug|x86 = Debug|x86
		Release|Any CPU = Release|Any CPU
		Release|x64 = Release|x64
		Release|x86 = Release|x86
	EndGlobalSection
	GlobalSection(SolutionProperties) = preSolution
		HideSolutionNode = FALSE
	EndGlobalSection
	GlobalSection(ProjectConfigurationPlatforms) = postSolution
		{E7E47162-391F-46BC-A25F-6FF073A50574}.Debug|Any CPU.ActiveCfg = Debug|Any CPU
		{E7E47162-391F-46BC-A25F-6FF073A50574}.Debug|Any CPU.Build.0 = Debug|Any CPU
		{E7E47162-391F-46BC-A25F-6FF073A50574}.Debug|x64.ActiveCfg = Debug|Any CPU
		{E7E47162-391F-46BC-A25F-6FF073A50574}.Debug|x64.Build.0 = Debug|Any CPU
		{E7E47162-391F-46BC-A25F-6FF073A50574}.Debug|x86.ActiveCfg = Debug|Any CPU
		{E7E47162-391F-46BC-A25F-6FF073A50574}.Debug|x86.Build.0 = Debug|Any CPU
		{E7E47162-391F-46BC-A25F-6FF073A50574}.Release|Any CPU.ActiveCfg = Release|Any CPU
		{E7E47162-391F-46BC-A25F-6FF073A50574}.Release|Any CPU.Build.0 = Release|Any CPU
		{E7E47162-391F-46BC-A25F-6FF073A50574}.Release|x64.ActiveCfg = Release|Any CPU
		{E7E47162-391F-46BC-A25F-6FF073A50574}.Release|x64.Build.0 = Release|Any CPU
		{E7E47162-391F-46BC-A25F-6FF073A50574}.Release|x86.ActiveCfg = Release|Any CPU
		{E7E47162-391F-46BC-A25F-6FF073A50574}.Release|x86.Build.0 = Release|Any CPU
		{8BF3562C-8B85-432E-912C-1D55C8A24BF3}.Debug|Any CPU.ActiveCfg = Debug|Any CPU
		{8BF3562C-8B85-432E-912C-1D55C8A24BF3}.Debug|Any CPU.Build.0 = Debug|Any CPU
		{8BF3562C-8B85-432E-912C-1D55C8A24BF3}.Debug|x64.ActiveCfg = Debug|Any CPU
		{8BF3562C-8B85-432E-912C-1D55C8A24BF3}.Debug|x64.Build.0 = Debug|Any CPU
		{8BF3562C-8B85-432E-912C-1D55C8A24BF3}.Debug|x86.ActiveCfg = Debug|Any CPU
		{8BF3562C-8B85-432E-912C-1D55C8A24BF3}.Debug|x86.Build.0 = Debug|Any CPU
		{8BF3562C-8B85-432E-912C-1D55C8A24BF3}.Release|Any CPU.ActiveCfg = Release|Any CPU
		{8BF3562C-8B85-432E-912C-1D55C8A24BF3}.Release|Any CPU.Build.0 = Release|Any CPU
		{8BF3562C-8B85-432E-912C-1D55C8A24BF3}.Release|x64.ActiveCfg = Release|Any CPU
		{8BF3562C-8B85-432E-912C-1D55C8A24BF3}.Release|x64.Build.0 = Release|Any CPU
		{8BF3562C-8B85-432E-912C-1D55C8A24BF3}.Release|x86.ActiveCfg = Release|Any CPU
		{8BF3562C-8B85-432E-912C-1D55C8A24BF3}.Release|x86.Build.0 = Release|Any CPU
		{447FA5EA-894B-4639-B85A-22A97A3BC632}.Debug|Any CPU.ActiveCfg = Debug|Any CPU
		{447FA5EA-894B-4639-B85A-22A97A3BC632}.Debug|Any CPU.Build.0 = Debug|Any CPU
		{447FA5EA-894B-4639-B85A-22A97A3BC632}.Debug|x64.ActiveCfg = Debug|Any CPU
		{447FA5EA-894B-4639-B85A-22A97A3BC632}.Debug|x64.Build.0 = Debug|Any CPU
		{447FA5EA-894B-4639-B85A-22A97A3BC632}.Debug|x86.ActiveCfg = Debug|Any CPU
		{447FA5EA-894B-4639-B85A-22A97A3BC632}.Debug|x86.Build.0 = Debug|Any CPU
		{447FA5EA-894B-4639-B85A-22A97A3BC632}.Release|Any CPU.ActiveCfg = Release|Any CPU
		{447FA5EA-894B-4639-B85A-22A97A3BC632}.Release|Any CPU.Build.0 = Release|Any CPU
		{447FA5EA-894B-4639-B85A-22A97A3BC632}.Release|x64.ActiveCfg = Release|Any CPU
		{447FA5EA-894B-4639-B85A-22A97A3BC632}.Release|x64.Build.0 = Release|Any CPU
		{447FA5EA-894B-4639-B85A-22A97A3BC632}.Release|x86.ActiveCfg = Release|Any CPU
		{447FA5EA-894B-4639-B85A-22A97A3BC632}.Release|x86.Build.0 = Release|Any CPU
		{8C6FD91A-DD0C-48C7-99C2-D8E2A18928CB}.Debug|Any CPU.ActiveCfg = Debug|Any CPU
		{8C6FD91A-DD0C-48C7-99C2-D8E2A18928CB}.Debug|Any CPU.Build.0 = Debug|Any CPU
		{8C6FD91A-DD0C-48C7-99C2-D8E2A18928CB}.Debug|x64.ActiveCfg = Debug|Any CPU
		{8C6FD91A-DD0C-48C7-99C2-D8E2A18928CB}.Debug|x64.Build.0 = Debug|Any CPU
		{8C6FD91A-DD0C-48C7-99C2-D8E2A18928CB}.Debug|x86.ActiveCfg = Debug|Any CPU
		{8C6FD91A-DD0C-48C7-99C2-D8E2A18928CB}.Debug|x86.Build.0 = Debug|Any CPU
		{8C6FD91A-DD0C-48C7-99C2-D8E2A18928CB}.Release|Any CPU.ActiveCfg = Release|Any CPU
		{8C6FD91A-DD0C-48C7-99C2-D8E2A18928CB}.Release|Any CPU.Build.0 = Release|Any CPU
		{8C6FD91A-DD0C-48C7-99C2-D8E2A18928CB}.Release|x64.ActiveCfg = Release|Any CPU
		{8C6FD91A-DD0C-48C7-99C2-D8E2A18928CB}.Release|x64.Build.0 = Release|Any CPU
		{8C6FD91A-DD0C-48C7-99C2-D8E2A18928CB}.Release|x86.ActiveCfg = Release|Any CPU
		{8C6FD91A-DD0C-48C7-99C2-D8E2A18928CB}.Release|x86.Build.0 = Release|Any CPU
		{EB91A07D-B4B5-4EE9-86D2-EBDE80F6C367}.Debug|Any CPU.ActiveCfg = Debug|Any CPU
		{EB91A07D-B4B5-4EE9-86D2-EBDE80F6C367}.Debug|Any CPU.Build.0 = Debug|Any CPU
		{EB91A07D-B4B5-4EE9-86D2-EBDE80F6C367}.Debug|x64.ActiveCfg = Debug|Any CPU
		{EB91A07D-B4B5-4EE9-86D2-EBDE80F6C367}.Debug|x64.Build.0 = Debug|Any CPU
		{EB91A07D-B4B5-4EE9-86D2-EBDE80F6C367}.Debug|x86.ActiveCfg = Debug|Any CPU
		{EB91A07D-B4B5-4EE9-86D2-EBDE80F6C367}.Debug|x86.Build.0 = Debug|Any CPU
		{EB91A07D-B4B5-4EE9-86D2-EBDE80F6C367}.Release|Any CPU.ActiveCfg = Release|Any CPU
		{EB91A07D-B4B5-4EE9-86D2-EBDE80F6C367}.Release|Any CPU.Build.0 = Release|Any CPU
		{EB91A07D-B4B5-4EE9-86D2-EBDE80F6C367}.Release|x64.ActiveCfg = Release|Any CPU
		{EB91A07D-B4B5-4EE9-86D2-EBDE80F6C367}.Release|x64.Build.0 = Release|Any CPU
		{EB91A07D-B4B5-4EE9-86D2-EBDE80F6C367}.Release|x86.ActiveCfg = Release|Any CPU
		{EB91A07D-B4B5-4EE9-86D2-EBDE80F6C367}.Release|x86.Build.0 = Release|Any CPU
		{933BFD14-E12A-4561-8938-0037CD34467E}.Debug|Any CPU.ActiveCfg = Debug|Any CPU
		{933BFD14-E12A-4561-8938-0037CD34467E}.Debug|Any CPU.Build.0 = Debug|Any CPU
		{933BFD14-E12A-4561-8938-0037CD34467E}.Debug|x64.ActiveCfg = Debug|Any CPU
		{933BFD14-E12A-4561-8938-0037CD34467E}.Debug|x64.Build.0 = Debug|Any CPU
		{933BFD14-E12A-4561-8938-0037CD34467E}.Debug|x86.ActiveCfg = Debug|Any CPU
		{933BFD14-E12A-4561-8938-0037CD34467E}.Debug|x86.Build.0 = Debug|Any CPU
		{933BFD14-E12A-4561-8938-0037CD34467E}.Release|Any CPU.ActiveCfg = Release|Any CPU
		{933BFD14-E12A-4561-8938-0037CD34467E}.Release|Any CPU.Build.0 = Release|Any CPU
		{933BFD14-E12A-4561-8938-0037CD34467E}.Release|x64.ActiveCfg = Release|Any CPU
		{933BFD14-E12A-4561-8938-0037CD34467E}.Release|x64.Build.0 = Release|Any CPU
		{933BFD14-E12A-4561-8938-0037CD34467E}.Release|x86.ActiveCfg = Release|Any CPU
		{933BFD14-E12A-4561-8938-0037CD34467E}.Release|x86.Build.0 = Release|Any CPU
		{1EE0BC8E-9A1A-4AB8-8A86-C77A8D4A0218}.Debug|Any CPU.ActiveCfg = Debug|Any CPU
		{1EE0BC8E-9A1A-4AB8-8A86-C77A8D4A0218}.Debug|Any CPU.Build.0 = Debug|Any CPU
		{1EE0BC8E-9A1A-4AB8-8A86-C77A8D4A0218}.Debug|x64.ActiveCfg = Debug|Any CPU
		{1EE0BC8E-9A1A-4AB8-8A86-C77A8D4A0218}.Debug|x64.Build.0 = Debug|Any CPU
		{1EE0BC8E-9A1A-4AB8-8A86-C77A8D4A0218}.Debug|x86.ActiveCfg = Debug|Any CPU
		{1EE0BC8E-9A1A-4AB8-8A86-C77A8D4A0218}.Debug|x86.Build.0 = Debug|Any CPU
		{1EE0BC8E-9A1A-4AB8-8A86-C77A8D4A0218}.Release|Any CPU.ActiveCfg = Release|Any CPU
		{1EE0BC8E-9A1A-4AB8-8A86-C77A8D4A0218}.Release|Any CPU.Build.0 = Release|Any CPU
		{1EE0BC8E-9A1A-4AB8-8A86-C77A8D4A0218}.Release|x64.ActiveCfg = Release|Any CPU
		{1EE0BC8E-9A1A-4AB8-8A86-C77A8D4A0218}.Release|x64.Build.0 = Release|Any CPU
		{1EE0BC8E-9A1A-4AB8-8A86-C77A8D4A0218}.Release|x86.ActiveCfg = Release|Any CPU
		{1EE0BC8E-9A1A-4AB8-8A86-C77A8D4A0218}.Release|x86.Build.0 = Release|Any CPU
		{FCF7AB45-7BB8-485E-A44B-F6E6EC23FFE4}.Debug|Any CPU.ActiveCfg = Debug|Any CPU
		{FCF7AB45-7BB8-485E-A44B-F6E6EC23FFE4}.Debug|Any CPU.Build.0 = Debug|Any CPU
		{FCF7AB45-7BB8-485E-A44B-F6E6EC23FFE4}.Debug|x64.ActiveCfg = Debug|Any CPU
		{FCF7AB45-7BB8-485E-A44B-F6E6EC23FFE4}.Debug|x64.Build.0 = Debug|Any CPU
		{FCF7AB45-7BB8-485E-A44B-F6E6EC23FFE4}.Debug|x86.ActiveCfg = Debug|Any CPU
		{FCF7AB45-7BB8-485E-A44B-F6E6EC23FFE4}.Debug|x86.Build.0 = Debug|Any CPU
		{FCF7AB45-7BB8-485E-A44B-F6E6EC23FFE4}.Release|Any CPU.ActiveCfg = Release|Any CPU
		{FCF7AB45-7BB8-485E-A44B-F6E6EC23FFE4}.Release|Any CPU.Build.0 = Release|Any CPU
		{FCF7AB45-7BB8-485E-A44B-F6E6EC23FFE4}.Release|x64.ActiveCfg = Release|Any CPU
		{FCF7AB45-7BB8-485E-A44B-F6E6EC23FFE4}.Release|x64.Build.0 = Release|Any CPU
		{FCF7AB45-7BB8-485E-A44B-F6E6EC23FFE4}.Release|x86.ActiveCfg = Release|Any CPU
		{FCF7AB45-7BB8-485E-A44B-F6E6EC23FFE4}.Release|x86.Build.0 = Release|Any CPU
		{C75CC050-C06B-4761-A445-E75226C31B7D}.Debug|Any CPU.ActiveCfg = Debug|Any CPU
		{C75CC050-C06B-4761-A445-E75226C31B7D}.Debug|Any CPU.Build.0 = Debug|Any CPU
		{C75CC050-C06B-4761-A445-E75226C31B7D}.Debug|x64.ActiveCfg = Debug|Any CPU
		{C75CC050-C06B-4761-A445-E75226C31B7D}.Debug|x64.Build.0 = Debug|Any CPU
		{C75CC050-C06B-4761-A445-E75226C31B7D}.Debug|x86.ActiveCfg = Debug|Any CPU
		{C75CC050-C06B-4761-A445-E75226C31B7D}.Debug|x86.Build.0 = Debug|Any CPU
		{C75CC050-C06B-4761-A445-E75226C31B7D}.Release|Any CPU.ActiveCfg = Release|Any CPU
		{C75CC050-C06B-4761-A445-E75226C31B7D}.Release|Any CPU.Build.0 = Release|Any CPU
		{C75CC050-C06B-4761-A445-E75226C31B7D}.Release|x64.ActiveCfg = Release|Any CPU
		{C75CC050-C06B-4761-A445-E75226C31B7D}.Release|x64.Build.0 = Release|Any CPU
		{C75CC050-C06B-4761-A445-E75226C31B7D}.Release|x86.ActiveCfg = Release|Any CPU
		{C75CC050-C06B-4761-A445-E75226C31B7D}.Release|x86.Build.0 = Release|Any CPU
	EndGlobalSection
	GlobalSection(NestedProjects) = preSolution
		{6C66D4E1-4E10-450C-A244-C60F6DB57216} = {627B9E42-72F7-4F86-9676-AE220306EDFA}
		{E7E47162-391F-46BC-A25F-6FF073A50574} = {6C66D4E1-4E10-450C-A244-C60F6DB57216}
		{8BF3562C-8B85-432E-912C-1D55C8A24BF3} = {6C66D4E1-4E10-450C-A244-C60F6DB57216}
		{74A9BDDC-ECE6-4489-954A-039AD69A1154} = {627B9E42-72F7-4F86-9676-AE220306EDFA}
		{447FA5EA-894B-4639-B85A-22A97A3BC632} = {74A9BDDC-ECE6-4489-954A-039AD69A1154}
		{8C6FD91A-DD0C-48C7-99C2-D8E2A18928CB} = {74A9BDDC-ECE6-4489-954A-039AD69A1154}
		{EB91A07D-B4B5-4EE9-86D2-EBDE80F6C367} = {74A9BDDC-ECE6-4489-954A-039AD69A1154}
		{01E2F899-EA55-401A-867C-1EE10D42383A} = {39F9A57F-19D3-48C2-99FA-1F3FBBA1CD80}
		{933BFD14-E12A-4561-8938-0037CD34467E} = {01E2F899-EA55-401A-867C-1EE10D42383A}
		{1EE0BC8E-9A1A-4AB8-8A86-C77A8D4A0218} = {01E2F899-EA55-401A-867C-1EE10D42383A}
		{FCF7AB45-7BB8-485E-A44B-F6E6EC23FFE4} = {39F9A57F-19D3-48C2-99FA-1F3FBBA1CD80}
	EndGlobalSection
EndGlobal
